
Microsoft Visual Studio Solution File, Format Version 12.00
# Visual Studio Version 17
VisualStudioVersion = 17.0.31903.59
MinimumVisualStudioVersion = 10.0.40219.1
Project("{2150E333-8FDC-42A3-9474-1A3956D46DE8}") = "src", "src", "{9BB0311A-FE23-4C8D-B7C0-E8CD49FA3D20}"
EndProject
Project("{2150E333-8FDC-42A3-9474-1A3956D46DE8}") = "tests", "tests", "{C4B80800-5430-4D4E-B473-261157D54CD4}"
EndProject
Project("{FAE04EC0-301F-11D3-BF4B-00C04F79EFBC}") = "Vertical.Slice.Template.EndToEndTests", "tests\Vertical.Slice.Template.EndToEndTests\Vertical.Slice.Template.EndToEndTests.csproj", "{5F41BF51-E13B-48BF-8D81-874FBA9BC961}"
EndProject
Project("{FAE04EC0-301F-11D3-BF4B-00C04F79EFBC}") = "Vertical.Slice.Template.UnitTests", "tests\Vertical.Slice.Template.UnitTests\Vertical.Slice.Template.UnitTests.csproj", "{4CCD199C-1C58-4C6E-963A-3A37CA9FB532}"
EndProject
Project("{FAE04EC0-301F-11D3-BF4B-00C04F79EFBC}") = "Vertical.Slice.Template.IntegrationTests", "tests\Vertical.Slice.Template.IntegrationTests\Vertical.Slice.Template.IntegrationTests.csproj", "{7C503960-D3B3-4A19-9742-8D5CA8C84370}"
EndProject
Project("{FAE04EC0-301F-11D3-BF4B-00C04F79EFBC}") = "Vertical.Slice.Template.ContractTests", "tests\Vertical.Slice.Template.ContractTests\Vertical.Slice.Template.ContractTests.csproj", "{70A7C0CD-C771-4942-BC74-B267AAACFF43}"
EndProject
Project("{FAE04EC0-301F-11D3-BF4B-00C04F79EFBC}") = "Vertical.Slice.Template.TestsShared", "tests\Vertical.Slice.Template.TestsShared\Vertical.Slice.Template.TestsShared.csproj", "{E3C9B67C-8443-49C9-A6F3-EA099199F66F}"
EndProject
Project("{FAE04EC0-301F-11D3-BF4B-00C04F79EFBC}") = "Vertical.Slice.Template.Shared", "src\Vertical.Slice.Template.Shared\Vertical.Slice.Template.Shared.csproj", "{05B80842-E143-46CA-A881-CF14A85D927C}"
EndProject
Project("{FAE04EC0-301F-11D3-BF4B-00C04F79EFBC}") = "Vertical.Slice.Template.ApiClient", "src\Vertical.Slice.Template.ApiClient\Vertical.Slice.Template.ApiClient.csproj", "{51C30F5B-FC3F-41C2-BD7C-FA254B956C55}"
EndProject
Project("{2150E333-8FDC-42A3-9474-1A3956D46DE8}") = "solution-items", "solution-items", "{798579C1-7DEC-47A2-9C18-CA3DBE4A6573}"
	ProjectSection(SolutionItems) = preProject
		.editorconfig = .editorconfig
		.csharpierrc.yaml = .csharpierrc.yaml
		global.json = global.json
		package.json = package.json
		readme.md = readme.md
		version.json = version.json
	EndProjectSection
EndProject
Project("{2150E333-8FDC-42A3-9474-1A3956D46DE8}") = ".config", ".config", "{154A55C1-CE45-463D-B411-816C702D6A25}"
	ProjectSection(SolutionItems) = preProject
		.config\dotnet-tools.json = .config\dotnet-tools.json
	EndProjectSection
EndProject
Project("{2150E333-8FDC-42A3-9474-1A3956D46DE8}") = ".husky", ".husky", "{F21E9E8A-CA2F-4EED-895B-705733FC396A}"
	ProjectSection(SolutionItems) = preProject
		.husky\commit-msg = .husky\commit-msg
		.husky\pre-commit = .husky\pre-commit
	EndProjectSection
EndProject
Project("{2150E333-8FDC-42A3-9474-1A3956D46DE8}") = "_", "_", "{B77AC567-B631-47B6-9649-8030505452DB}"
	ProjectSection(SolutionItems) = preProject
		.husky\_\.gitignore = .husky\_\.gitignore
		.husky\_\husky.sh = .husky\_\husky.sh
	EndProjectSection
EndProject
Project("{FAE04EC0-301F-11D3-BF4B-00C04F79EFBC}") = "Vertical.Slice.Template.ApiClientTests", "tests\Vertical.Slice.Template.ApiClientTests\Vertical.Slice.Template.ApiClientTests.csproj", "{4E185D04-8B8D-4BE9-AAE3-5406C703DF83}"
EndProject
Project("{FAE04EC0-301F-11D3-BF4B-00C04F79EFBC}") = "Vertical.Slice.Template.DependencyTests", "tests\Vertical.Slice.Template.DependencyTests\Vertical.Slice.Template.DependencyTests.csproj", "{A79D441C-D450-474E-9CFC-008335A80B13}"
EndProject
Project("{2150E333-8FDC-42A3-9474-1A3956D46DE8}") = ".github", ".github", "{AEFEEF63-5831-49E5-A7D9-892AF653C32D}"
EndProject
Project("{2150E333-8FDC-42A3-9474-1A3956D46DE8}") = "workflows", "workflows", "{ED6C6F59-8A39-4D7D-BB93-888AA486AFE9}"
	ProjectSection(SolutionItems) = preProject
		.github\workflows\ci-cd.yml = .github\workflows\ci-cd.yml
	EndProjectSection
EndProject
Project("{FAE04EC0-301F-11D3-BF4B-00C04F79EFBC}") = "Vertical.Slice.Template", "src\Vertical.Slice.Template\Vertical.Slice.Template.csproj", "{31F7A4C7-66DD-4387-9981-4A64501018E7}"
EndProject
Project("{FAE04EC0-301F-11D3-BF4B-00C04F79EFBC}") = "Vertical.Slice.Template.Api", "src\Vertical.Slice.Template.Api\Vertical.Slice.Template.Api.csproj", "{F45584B2-2831-410B-BC9D-3E13817E768F}"
EndProject
Global
	GlobalSection(SolutionConfigurationPlatforms) = preSolution
		Debug|Any CPU = Debug|Any CPU
		Release|Any CPU = Release|Any CPU
	EndGlobalSection
	GlobalSection(SolutionProperties) = preSolution
		HideSolutionNode = FALSE
	EndGlobalSection
	GlobalSection(NestedProjects) = preSolution
		{5F41BF51-E13B-48BF-8D81-874FBA9BC961} = {C4B80800-5430-4D4E-B473-261157D54CD4}
		{4CCD199C-1C58-4C6E-963A-3A37CA9FB532} = {C4B80800-5430-4D4E-B473-261157D54CD4}
		{7C503960-D3B3-4A19-9742-8D5CA8C84370} = {C4B80800-5430-4D4E-B473-261157D54CD4}
		{70A7C0CD-C771-4942-BC74-B267AAACFF43} = {C4B80800-5430-4D4E-B473-261157D54CD4}
		{E3C9B67C-8443-49C9-A6F3-EA099199F66F} = {C4B80800-5430-4D4E-B473-261157D54CD4}
		{154A55C1-CE45-463D-B411-816C702D6A25} = {798579C1-7DEC-47A2-9C18-CA3DBE4A6573}
		{F21E9E8A-CA2F-4EED-895B-705733FC396A} = {798579C1-7DEC-47A2-9C18-CA3DBE4A6573}
		{B77AC567-B631-47B6-9649-8030505452DB} = {F21E9E8A-CA2F-4EED-895B-705733FC396A}
		{4E185D04-8B8D-4BE9-AAE3-5406C703DF83} = {C4B80800-5430-4D4E-B473-261157D54CD4}
		{A79D441C-D450-474E-9CFC-008335A80B13} = {C4B80800-5430-4D4E-B473-261157D54CD4}
		{AEFEEF63-5831-49E5-A7D9-892AF653C32D} = {798579C1-7DEC-47A2-9C18-CA3DBE4A6573}
		{ED6C6F59-8A39-4D7D-BB93-888AA486AFE9} = {AEFEEF63-5831-49E5-A7D9-892AF653C32D}
		{51C30F5B-FC3F-41C2-BD7C-FA254B956C55} = {9BB0311A-FE23-4C8D-B7C0-E8CD49FA3D20}
		{05B80842-E143-46CA-A881-CF14A85D927C} = {9BB0311A-FE23-4C8D-B7C0-E8CD49FA3D20}
		{31F7A4C7-66DD-4387-9981-4A64501018E7} = {9BB0311A-FE23-4C8D-B7C0-E8CD49FA3D20}
		{F45584B2-2831-410B-BC9D-3E13817E768F} = {9BB0311A-FE23-4C8D-B7C0-E8CD49FA3D20}
	EndGlobalSection
	GlobalSection(ProjectConfigurationPlatforms) = postSolution
		{5F41BF51-E13B-48BF-8D81-874FBA9BC961}.Debug|Any CPU.ActiveCfg = Debug|Any CPU
		{5F41BF51-E13B-48BF-8D81-874FBA9BC961}.Debug|Any CPU.Build.0 = Debug|Any CPU
		{5F41BF51-E13B-48BF-8D81-874FBA9BC961}.Release|Any CPU.ActiveCfg = Release|Any CPU
		{5F41BF51-E13B-48BF-8D81-874FBA9BC961}.Release|Any CPU.Build.0 = Release|Any CPU
		{4CCD199C-1C58-4C6E-963A-3A37CA9FB532}.Debug|Any CPU.ActiveCfg = Debug|Any CPU
		{4CCD199C-1C58-4C6E-963A-3A37CA9FB532}.Debug|Any CPU.Build.0 = Debug|Any CPU
		{4CCD199C-1C58-4C6E-963A-3A37CA9FB532}.Release|Any CPU.ActiveCfg = Release|Any CPU
		{4CCD199C-1C58-4C6E-963A-3A37CA9FB532}.Release|Any CPU.Build.0 = Release|Any CPU
		{7C503960-D3B3-4A19-9742-8D5CA8C84370}.Debug|Any CPU.ActiveCfg = Debug|Any CPU
		{7C503960-D3B3-4A19-9742-8D5CA8C84370}.Debug|Any CPU.Build.0 = Debug|Any CPU
		{7C503960-D3B3-4A19-9742-8D5CA8C84370}.Release|Any CPU.ActiveCfg = Release|Any CPU
		{7C503960-D3B3-4A19-9742-8D5CA8C84370}.Release|Any CPU.Build.0 = Release|Any CPU
		{70A7C0CD-C771-4942-BC74-B267AAACFF43}.Debug|Any CPU.ActiveCfg = Debug|Any CPU
		{70A7C0CD-C771-4942-BC74-B267AAACFF43}.Debug|Any CPU.Build.0 = Debug|Any CPU
		{70A7C0CD-C771-4942-BC74-B267AAACFF43}.Release|Any CPU.ActiveCfg = Release|Any CPU
		{70A7C0CD-C771-4942-BC74-B267AAACFF43}.Release|Any CPU.Build.0 = Release|Any CPU
		{E3C9B67C-8443-49C9-A6F3-EA099199F66F}.Debug|Any CPU.ActiveCfg = Debug|Any CPU
		{E3C9B67C-8443-49C9-A6F3-EA099199F66F}.Debug|Any CPU.Build.0 = Debug|Any CPU
		{E3C9B67C-8443-49C9-A6F3-EA099199F66F}.Release|Any CPU.ActiveCfg = Release|Any CPU
		{E3C9B67C-8443-49C9-A6F3-EA099199F66F}.Release|Any CPU.Build.0 = Release|Any CPU
		{05B80842-E143-46CA-A881-CF14A85D927C}.Debug|Any CPU.ActiveCfg = Debug|Any CPU
		{05B80842-E143-46CA-A881-CF14A85D927C}.Debug|Any CPU.Build.0 = Debug|Any CPU
		{05B80842-E143-46CA-A881-CF14A85D927C}.Release|Any CPU.ActiveCfg = Release|Any CPU
		{05B80842-E143-46CA-A881-CF14A85D927C}.Release|Any CPU.Build.0 = Release|Any CPU
		{51C30F5B-FC3F-41C2-BD7C-FA254B956C55}.Debug|Any CPU.ActiveCfg = Debug|Any CPU
		{51C30F5B-FC3F-41C2-BD7C-FA254B956C55}.Debug|Any CPU.Build.0 = Debug|Any CPU
		{51C30F5B-FC3F-41C2-BD7C-FA254B956C55}.Release|Any CPU.ActiveCfg = Release|Any CPU
		{51C30F5B-FC3F-41C2-BD7C-FA254B956C55}.Release|Any CPU.Build.0 = Release|Any CPU
		{4E185D04-8B8D-4BE9-AAE3-5406C703DF83}.Debug|Any CPU.ActiveCfg = Debug|Any CPU
		{4E185D04-8B8D-4BE9-AAE3-5406C703DF83}.Debug|Any CPU.Build.0 = Debug|Any CPU
		{4E185D04-8B8D-4BE9-AAE3-5406C703DF83}.Release|Any CPU.ActiveCfg = Release|Any CPU
		{4E185D04-8B8D-4BE9-AAE3-5406C703DF83}.Release|Any CPU.Build.0 = Release|Any CPU
		{A79D441C-D450-474E-9CFC-008335A80B13}.Debug|Any CPU.ActiveCfg = Debug|Any CPU
		{A79D441C-D450-474E-9CFC-008335A80B13}.Debug|Any CPU.Build.0 = Debug|Any CPU
		{A79D441C-D450-474E-9CFC-008335A80B13}.Release|Any CPU.ActiveCfg = Release|Any CPU
		{A79D441C-D450-474E-9CFC-008335A80B13}.Release|Any CPU.Build.0 = Release|Any CPU
		{31F7A4C7-66DD-4387-9981-4A64501018E7}.Debug|Any CPU.ActiveCfg = Debug|Any CPU
		{31F7A4C7-66DD-4387-9981-4A64501018E7}.Debug|Any CPU.Build.0 = Debug|Any CPU
		{31F7A4C7-66DD-4387-9981-4A64501018E7}.Release|Any CPU.ActiveCfg = Release|Any CPU
		{31F7A4C7-66DD-4387-9981-4A64501018E7}.Release|Any CPU.Build.0 = Release|Any CPU
		{F45584B2-2831-410B-BC9D-3E13817E768F}.Debug|Any CPU.ActiveCfg = Debug|Any CPU
		{F45584B2-2831-410B-BC9D-3E13817E768F}.Debug|Any CPU.Build.0 = Debug|Any CPU
		{F45584B2-2831-410B-BC9D-3E13817E768F}.Release|Any CPU.ActiveCfg = Release|Any CPU
		{F45584B2-2831-410B-BC9D-3E13817E768F}.Release|Any CPU.Build.0 = Release|Any CPU
	EndGlobalSection
EndGlobal
